schema: '2.0'
stages:
  preprocess_data:
    cmd: python src/data/make_dataset.py data/raw/train.csv data/interim/train.pkl
      data/interim/target.pkl
    deps:
    - path: data/raw
      md5: 3139bcea254042a5fba700d9018cd343.dir
      size: 666024
      nfiles: 4
  train_val_split:
    cmd: python src/data/train_val_split.py data/interim/train.pkl data/interim/target.pkl
      data/processed
    deps:
    - path: data/interim
      md5: fd9d648c7629e41a9c52559b46e67316.dir
      size: 89088
      nfiles: 2
  feature_generating:
    cmd: python src\features\build_features.py data/processed
    deps:
    - path: data/processed
      md5: 21966c99e08d78cbadc0f50ec6413f92.dir
      size: 651202
      nfiles: 8
  train_models:
    cmd: python src/models/train_model.py data/processed/ src/models/
